<?xml version="1.0" encoding="UTF-8" standalone="yes" ?>
<CodeBlocks_project_file>
   <FileVersion major="1" minor="6" />
   <Project>
      <Option title="LidarReader" />
      <Option makefile_is_custom="1" />
      <Option compiler="gcc" />
      <Option virtualFolders="CMake Files\;CMake Files\..\;CMake Files\..\..\;CMake Files\..\..\..\;CMake Files\..\..\..\..\;CMake Files\..\..\..\..\usr\;CMake Files\..\..\..\..\usr\local\;CMake Files\..\..\..\..\usr\local\polysync\;" />
      <Build>
      <Target title="all">
         <Option working_dir="/home/lj/cppexamples/LidarReader" />
         <Option type="4" />
         <MakeCommands>
            <Build command="/usr/bin/make -f &quot;/home/lj/cppexamples/LidarReader/Makefile&quot;  VERBOSE=1 all" />
            <CompileFile command="/usr/bin/make -f &quot;/home/lj/cppexamples/LidarReader/Makefile&quot;  VERBOSE=1 &quot;$file&quot;" />
            <Clean command="/usr/bin/make -f &quot;/home/lj/cppexamples/LidarReader/Makefile&quot;  VERBOSE=1 clean" />
            <DistClean command="/usr/bin/make -f &quot;/home/lj/cppexamples/LidarReader/Makefile&quot;  VERBOSE=1 clean" />
         </MakeCommands>
      </Target>
      <Target title="LidarReader">
         <Option output="/home/lj/cppexamples/LidarReader/LidarReader" prefix_auto="0" extension_auto="0" />
         <Option working_dir="/home/lj/cppexamples/LidarReader" />
         <Option object_output="./" />
         <Option type="1" />
         <Option compiler="gcc" />
         <Compiler>
            <Add directory="/usr/include/glib-2.0" />
            <Add directory="/usr/lib/x86_64-linux-gnu/glib-2.0/include" />
            <Add directory="/usr/local/polysync/include" />
            <Add directory="/usr/local/polysync/include/deps" />
            <Add directory="/usr/local/polysync/include/deps/dcps/C/SAC" />
            <Add directory="/usr/local/polysync/include/deps/sys" />
            <Add directory="/usr/local/polysync/pdm" />
            <Add directory="/usr/local/polysync/plugins" />
         </Compiler>
         <MakeCommands>
            <Build command="/usr/bin/make -f &quot;/home/lj/cppexamples/LidarReader/Makefile&quot;  VERBOSE=1 LidarReader" />
            <CompileFile command="/usr/bin/make -f &quot;/home/lj/cppexamples/LidarReader/Makefile&quot;  VERBOSE=1 &quot;$file&quot;" />
            <Clean command="/usr/bin/make -f &quot;/home/lj/cppexamples/LidarReader/Makefile&quot;  VERBOSE=1 clean" />
            <DistClean command="/usr/bin/make -f &quot;/home/lj/cppexamples/LidarReader/Makefile&quot;  VERBOSE=1 clean" />
         </MakeCommands>
      </Target>
      <Target title="LidarReader/fast">
         <Option output="/home/lj/cppexamples/LidarReader/LidarReader" prefix_auto="0" extension_auto="0" />
         <Option working_dir="/home/lj/cppexamples/LidarReader" />
         <Option object_output="./" />
         <Option type="1" />
         <Option compiler="gcc" />
         <Compiler>
            <Add directory="/usr/include/glib-2.0" />
            <Add directory="/usr/lib/x86_64-linux-gnu/glib-2.0/include" />
            <Add directory="/usr/local/polysync/include" />
            <Add directory="/usr/local/polysync/include/deps" />
            <Add directory="/usr/local/polysync/include/deps/dcps/C/SAC" />
            <Add directory="/usr/local/polysync/include/deps/sys" />
            <Add directory="/usr/local/polysync/pdm" />
            <Add directory="/usr/local/polysync/plugins" />
         </Compiler>
         <MakeCommands>
            <Build command="/usr/bin/make -f &quot;/home/lj/cppexamples/LidarReader/Makefile&quot;  VERBOSE=1 LidarReader/fast" />
            <CompileFile command="/usr/bin/make -f &quot;/home/lj/cppexamples/LidarReader/Makefile&quot;  VERBOSE=1 &quot;$file&quot;" />
            <Clean command="/usr/bin/make -f &quot;/home/lj/cppexamples/LidarReader/Makefile&quot;  VERBOSE=1 clean" />
            <DistClean command="/usr/bin/make -f &quot;/home/lj/cppexamples/LidarReader/Makefile&quot;  VERBOSE=1 clean" />
         </MakeCommands>
      </Target>
      <Target title="rebuild_cache">
         <Option working_dir="/home/lj/cppexamples/LidarReader" />
         <Option type="4" />
         <MakeCommands>
            <Build command="/usr/bin/make -f &quot;/home/lj/cppexamples/LidarReader/Makefile&quot;  VERBOSE=1 rebuild_cache" />
            <CompileFile command="/usr/bin/make -f &quot;/home/lj/cppexamples/LidarReader/Makefile&quot;  VERBOSE=1 &quot;$file&quot;" />
            <Clean command="/usr/bin/make -f &quot;/home/lj/cppexamples/LidarReader/Makefile&quot;  VERBOSE=1 clean" />
            <DistClean command="/usr/bin/make -f &quot;/home/lj/cppexamples/LidarReader/Makefile&quot;  VERBOSE=1 clean" />
         </MakeCommands>
      </Target>
      </Build>
      <Unit filename="/home/lj/cppexamples/LidarReader/LidarReader.cpp">
      </Unit>
      <Unit filename="/home/lj/cppexamples/LidarReader/main.cpp">
      </Unit>
      <Unit filename="/home/lj/cppexamples/LidarReader/LidarReader.hpp">
      </Unit>
      <Unit filename="/home/lj/cppexamples/LidarReader/CMakeLists.txt">
          <Option virtualFolder="CMake Files\" />
      </Unit>
      <Unit filename="/home/lj/cppexamples/LidarReader/../../../../usr/local/polysync/BuildResources.cmake">
          <Option virtualFolder="CMake Files\..\..\..\..\usr\local\polysync\" />
      </Unit>
   </Project>
</CodeBlocks_project_file>
