<?xml version="1.0" encoding="UTF-8" standalone="yes" ?>
<CodeBlocks_project_file>
   <FileVersion major="1" minor="6" />
   <Project>
      <Option title="simple_writer" />
      <Option makefile_is_custom="1" />
      <Option compiler="gcc" />
      <Option virtualFolders="CMake Files\;CMake Files\..\;CMake Files\..\..\;CMake Files\..\..\..\;CMake Files\..\..\..\..\;CMake Files\..\..\..\..\..\;CMake Files\..\..\..\..\..\..\;CMake Files\..\..\..\..\..\..\usr\;CMake Files\..\..\..\..\..\..\usr\local\;CMake Files\..\..\..\..\..\..\usr\local\polysync\;" />
      <Build>
      <Target title="all">
         <Option working_dir="/opt/polysync_cpp_api/polysync_cpp_api/examples/beginner/simple_writer-build" />
         <Option type="4" />
         <MakeCommands>
            <Build command="/usr/bin/make -f &quot;/opt/polysync_cpp_api/polysync_cpp_api/examples/beginner/simple_writer-build/Makefile&quot;  VERBOSE=1 all" />
            <CompileFile command="/usr/bin/make -f &quot;/opt/polysync_cpp_api/polysync_cpp_api/examples/beginner/simple_writer-build/Makefile&quot;  VERBOSE=1 &quot;$file&quot;" />
            <Clean command="/usr/bin/make -f &quot;/opt/polysync_cpp_api/polysync_cpp_api/examples/beginner/simple_writer-build/Makefile&quot;  VERBOSE=1 clean" />
            <DistClean command="/usr/bin/make -f &quot;/opt/polysync_cpp_api/polysync_cpp_api/examples/beginner/simple_writer-build/Makefile&quot;  VERBOSE=1 clean" />
         </MakeCommands>
      </Target>
      <Target title="edit_cache">
         <Option working_dir="/opt/polysync_cpp_api/polysync_cpp_api/examples/beginner/simple_writer-build" />
         <Option type="4" />
         <MakeCommands>
            <Build command="/usr/bin/make -f &quot;/opt/polysync_cpp_api/polysync_cpp_api/examples/beginner/simple_writer-build/Makefile&quot;  VERBOSE=1 edit_cache" />
            <CompileFile command="/usr/bin/make -f &quot;/opt/polysync_cpp_api/polysync_cpp_api/examples/beginner/simple_writer-build/Makefile&quot;  VERBOSE=1 &quot;$file&quot;" />
            <Clean command="/usr/bin/make -f &quot;/opt/polysync_cpp_api/polysync_cpp_api/examples/beginner/simple_writer-build/Makefile&quot;  VERBOSE=1 clean" />
            <DistClean command="/usr/bin/make -f &quot;/opt/polysync_cpp_api/polysync_cpp_api/examples/beginner/simple_writer-build/Makefile&quot;  VERBOSE=1 clean" />
         </MakeCommands>
      </Target>
      <Target title="rebuild_cache">
         <Option working_dir="/opt/polysync_cpp_api/polysync_cpp_api/examples/beginner/simple_writer-build" />
         <Option type="4" />
         <MakeCommands>
            <Build command="/usr/bin/make -f &quot;/opt/polysync_cpp_api/polysync_cpp_api/examples/beginner/simple_writer-build/Makefile&quot;  VERBOSE=1 rebuild_cache" />
            <CompileFile command="/usr/bin/make -f &quot;/opt/polysync_cpp_api/polysync_cpp_api/examples/beginner/simple_writer-build/Makefile&quot;  VERBOSE=1 &quot;$file&quot;" />
            <Clean command="/usr/bin/make -f &quot;/opt/polysync_cpp_api/polysync_cpp_api/examples/beginner/simple_writer-build/Makefile&quot;  VERBOSE=1 clean" />
            <DistClean command="/usr/bin/make -f &quot;/opt/polysync_cpp_api/polysync_cpp_api/examples/beginner/simple_writer-build/Makefile&quot;  VERBOSE=1 clean" />
         </MakeCommands>
      </Target>
      <Target title="simple_writer">
         <Option output="/opt/polysync_cpp_api/polysync_cpp_api/examples/beginner/simple_writer-build/simple_writer" prefix_auto="0" extension_auto="0" />
         <Option working_dir="/opt/polysync_cpp_api/polysync_cpp_api/examples/beginner/simple_writer-build" />
         <Option object_output="./" />
         <Option type="1" />
         <Option compiler="gcc" />
         <Compiler>
            <Add directory="/usr/include" />
            <Add directory="/usr/include/c++/4.8" />
            <Add directory="/usr/include/c++/4.8/backward" />
            <Add directory="/usr/include/glib-2.0" />
            <Add directory="/usr/include/x86_64-linux-gnu" />
            <Add directory="/usr/include/x86_64-linux-gnu/c++/4.8/." />
            <Add directory="/usr/lib/gcc/x86_64-linux-gnu/4.8/include" />
            <Add directory="/usr/lib/gcc/x86_64-linux-gnu/4.8/include-fixed" />
            <Add directory="/usr/lib/x86_64-linux-gnu/glib-2.0/include" />
            <Add directory="/usr/local/include" />
            <Add directory="/usr/local/polysync/include" />
            <Add directory="/usr/local/polysync/include/deps" />
            <Add directory="/usr/local/polysync/include/deps/dcps/C/SAC" />
            <Add directory="/usr/local/polysync/include/deps/sys" />
         </Compiler>
         <MakeCommands>
            <Build command="/usr/bin/make -f &quot;/opt/polysync_cpp_api/polysync_cpp_api/examples/beginner/simple_writer-build/Makefile&quot;  VERBOSE=1 simple_writer" />
            <CompileFile command="/usr/bin/make -f &quot;/opt/polysync_cpp_api/polysync_cpp_api/examples/beginner/simple_writer-build/Makefile&quot;  VERBOSE=1 &quot;$file&quot;" />
            <Clean command="/usr/bin/make -f &quot;/opt/polysync_cpp_api/polysync_cpp_api/examples/beginner/simple_writer-build/Makefile&quot;  VERBOSE=1 clean" />
            <DistClean command="/usr/bin/make -f &quot;/opt/polysync_cpp_api/polysync_cpp_api/examples/beginner/simple_writer-build/Makefile&quot;  VERBOSE=1 clean" />
         </MakeCommands>
      </Target>
      <Target title="simple_writer/fast">
         <Option output="/opt/polysync_cpp_api/polysync_cpp_api/examples/beginner/simple_writer-build/simple_writer" prefix_auto="0" extension_auto="0" />
         <Option working_dir="/opt/polysync_cpp_api/polysync_cpp_api/examples/beginner/simple_writer-build" />
         <Option object_output="./" />
         <Option type="1" />
         <Option compiler="gcc" />
         <Compiler>
            <Add directory="/usr/include" />
            <Add directory="/usr/include/c++/4.8" />
            <Add directory="/usr/include/c++/4.8/backward" />
            <Add directory="/usr/include/glib-2.0" />
            <Add directory="/usr/include/x86_64-linux-gnu" />
            <Add directory="/usr/include/x86_64-linux-gnu/c++/4.8/." />
            <Add directory="/usr/lib/gcc/x86_64-linux-gnu/4.8/include" />
            <Add directory="/usr/lib/gcc/x86_64-linux-gnu/4.8/include-fixed" />
            <Add directory="/usr/lib/x86_64-linux-gnu/glib-2.0/include" />
            <Add directory="/usr/local/include" />
            <Add directory="/usr/local/polysync/include" />
            <Add directory="/usr/local/polysync/include/deps" />
            <Add directory="/usr/local/polysync/include/deps/dcps/C/SAC" />
            <Add directory="/usr/local/polysync/include/deps/sys" />
         </Compiler>
         <MakeCommands>
            <Build command="/usr/bin/make -f &quot;/opt/polysync_cpp_api/polysync_cpp_api/examples/beginner/simple_writer-build/Makefile&quot;  VERBOSE=1 simple_writer/fast" />
            <CompileFile command="/usr/bin/make -f &quot;/opt/polysync_cpp_api/polysync_cpp_api/examples/beginner/simple_writer-build/Makefile&quot;  VERBOSE=1 &quot;$file&quot;" />
            <Clean command="/usr/bin/make -f &quot;/opt/polysync_cpp_api/polysync_cpp_api/examples/beginner/simple_writer-build/Makefile&quot;  VERBOSE=1 clean" />
            <DistClean command="/usr/bin/make -f &quot;/opt/polysync_cpp_api/polysync_cpp_api/examples/beginner/simple_writer-build/Makefile&quot;  VERBOSE=1 clean" />
         </MakeCommands>
      </Target>
      </Build>
      <Unit filename="/opt/polysync_cpp_api/polysync_cpp_api/examples/beginner/simple_writer/main.cpp">
      </Unit>
      <Unit filename="/opt/polysync_cpp_api/polysync_cpp_api/examples/beginner/simple_writer/CMakeLists.txt">
          <Option virtualFolder="CMake Files\" />
      </Unit>
      <Unit filename="/opt/polysync_cpp_api/polysync_cpp_api/examples/beginner/simple_writer/../../../../../../usr/local/polysync/build_res.cmake">
          <Option virtualFolder="CMake Files\..\..\..\..\..\..\usr\local\polysync\" />
      </Unit>
   </Project>
</CodeBlocks_project_file>
